// !$*UTF8*$!
{
	archiveVersion = 1;
	classes = {
	};
	objectVersion = 77;
	objects = {

/* Begin PBXContainerItemProxy section */
		CEB448FB3031273E00339817 /* PBXContainerItemProxy */ = {
			isa = PBXContainerItemProxy;
			containerPortal = CEB448DC3031273D00339817 /* Project object */;
			proxyType = 1;
			remoteGlobalIDString = CEB448E33031273D00339817;
			remoteInfo = Patchwork;
		};
		CEB449053031273E00339817 /* PBXContainerItemProxy */ = {
			isa = PBXContainerItemProxy;
			containerPortal = CEB448DC3031273D00339817 /* Project object */;
			proxyType = 1;
			remoteGlobalIDString = CEB448E33031273D00339817;
			remoteInfo = Patchwork;
		};
/* End PBXContainerItemProxy section */

/* Begin PBXFileReference section */
		CEB448E43031273D00339817 /* Patchwork.app */ = {isa = PBXFileReference; explicitFileType = wrapper.application; includeInIndex = 0; path = Patchwork.app; sourceTree = BUILT_PRODUCTS_DIR; };
		CEB448FA3031273E00339817 /* PatchworkTests.xctest */ = {isa = PBXFileReference; explicitFileType = wrapper.cfbundle; includeInIndex = 0; path = PatchworkTests.xctest; sourceTree = BUILT_PRODUCTS_DIR; };
		CEB449043031273E00339817 /* PatchworkUITests.xctest */ = {isa = PBXFileReference; explicitFileType = wrapper.cfbundle; includeInIndex = 0; path = PatchworkUITests.xctest; sourceTree = BUILT_PRODUCTS_DIR; };
/* End PBXFileReference section */

/* Begin PBXFileSystemSynchronizedBuildFileExceptionSet section */
		CEB4490C3031273E00339817 /* Exceptions for "Patchwork" folder in "Patchwork" target */ = {
			isa = PBXFileSystemSynchronizedBuildFileExceptionSet;
			membershipExceptions = (
				Info.plist,
			);
			target = CEB448E33031273D00339817 /* Patchwork */;
		};
		CEB44924303127F200339817 /* Exceptions for "Patchwork" folder in "PatchworkTests" target */ = {
			isa = PBXFileSystemSynchronizedBuildFileExceptionSet;
			membershipExceptions = (
				AppDelegate.swift,
				MIDIBridge.swift,
				WebHostViewController.swift,
			);
			target = CEB448F93031273E00339817 /* PatchworkTests */;
		};
		CEB44925303127F200339817 /* Exceptions for "Patchwork" folder in "PatchworkUITests" target */ = {
			isa = PBXFileSystemSynchronizedBuildFileExceptionSet;
			membershipExceptions = (
				AppDelegate.swift,
				MIDIBridge.swift,
				WebHostViewController.swift,
			);
			target = CEB449033031273E00339817 /* PatchworkUITests */;
		};
/* End PBXFileSystemSynchronizedBuildFileExceptionSet section */

/* Begin PBXFileSystemSynchronizedRootGroup section */
		CEB448E63031273D00339817 /* Patchwork */ = {
			isa = PBXFileSystemSynchronizedRootGroup;
			exceptions = (
				CEB4490C3031273E00339817 /* Exceptions for "Patchwork" folder in "Patchwork" target */,
				CEB44924303127F200339817 /* Exceptions for "Patchwork" folder in "PatchworkTests" target */,
				CEB44925303127F200339817 /* Exceptions for "Patchwork" folder in "PatchworkUITests" target */,
			);
			path = Patchwork;
			sourceTree = "<group>";
		};
		CEB448FD3031273E00339817 /* PatchworkTests */ = {
			isa = PBXFileSystemSynchronizedRootGroup;
			path = PatchworkTests;
			sourceTree = "<group>";
		};
		CEB449073031273E00339817 /* PatchworkUITests */ = {
			isa = PBXFileSystemSynchronizedRootGroup;
			path = PatchworkUITests;
			sourceTree = "<group>";
		};
/* End PBXFileSystemSynchronizedRootGroup section */

/* Begin PBXFrameworksBuildPhase section */
		CEB448E13031273D00339817 /* Frameworks */ = {
			isa = PBXFrameworksBuildPhase;
			buildActionMask = 2147483647;
			files = (
			);
			runOnlyForDeploymentPostprocessing = 0;
		};
		CEB448F73031273E00339817 /* Frameworks */ = {
			isa = PBXFrameworksBuildPhase;
			buildActionMask = 2147483647;
			files = (
			);
			runOnlyForDeploymentPostprocessing = 0;
		};
		CEB449013031273E00339817 /* Frameworks */ = {
			isa = PBXFrameworksBuildPhase;
			buildActionMask = 2147483647;
			files = (
			);
			runOnlyForDeploymentPostprocessing = 0;
		};
/* End PBXFrameworksBuildPhase section */

/* Begin PBXGroup section */
		CEB448DB3031273D00339817 = {
			isa = PBXGroup;
			children = (
				CEB448E63031273D00339817 /* Patchwork */,
				CEB448FD3031273E00339817 /* PatchworkTests */,
				CEB449073031273E00339817 /* PatchworkUITests */,
				CEB448E53031273D00339817 /* Products */,
			);
			sourceTree = "<group>";
		};
		CEB448E53031273D00339817 /* Products */ = {
			isa = PBXGroup;
			children = (
				CEB448E43031273D00339817 /* Patchwork.app */,
				CEB448FA3031273E00339817 /* PatchworkTests.xctest */,
				CEB449043031273E00339817 /* PatchworkUITests.xctest */,
			);
			name = Products;
			sourceTree = "<group>";
		};
/* End PBXGroup section */

/* Begin PBXNativeTarget section */
		CEB448E33031273D00339817 /* Patchwork */ = {
			isa = PBXNativeTarget;
			buildConfigurationList = CEB4490D3031273E00339817 /* Build configuration list for PBXNativeTarget "Patchwork" */;
			buildPhases = (
				CEB448E03031273D00339817 /* Sources */,
				CEB448E13031273D00339817 /* Frameworks */,
				CEB448E23031273D00339817 /* Resources */,
				CEB4AA0130312800A0000001 /* Sync web app from repo root */,
			);
			buildRules = (
			);
			dependencies = (
			);
			fileSystemSynchronizedGroups = (
				CEB448E63031273D00339817 /* Patchwork */,
			);
			name = Patchwork;
			packageProductDependencies = (
			);
			productName = Patchwork;
			productReference = CEB448E43031273D00339817 /* Patchwork.app */;
			productType = "com.apple.product-type.application";
		};
		CEB448F93031273E00339817 /* PatchworkTests */ = {
			isa = PBXNativeTarget;
			buildConfigurationList = CEB449123031273E00339817 /* Build configuration list for PBXNativeTarget "PatchworkTests" */;
			buildPhases = (
				CEB448F63031273E00339817 /* Sources */,
				CEB448F73031273E00339817 /* Frameworks */,
				CEB448F83031273E00339817 /* Resources */,
			);
			buildRules = (
			);
			dependencies = (
				CEB448FC3031273E00339817 /* PBXTargetDependency */,
			);
			fileSystemSynchronizedGroups = (
				CEB448FD3031273E00339817 /* PatchworkTests */,
			);
			name = PatchworkTests;
			packageProductDependencies = (
			);
			productName = PatchworkTests;
			productReference = CEB448FA3031273E00339817 /* PatchworkTests.xctest */;
			productType = "com.apple.product-type.bundle.unit-test";
		};
		CEB449033031273E00339817 /* PatchworkUITests */ = {
			isa = PBXNativeTarget;
			buildConfigurationList = CEB449153031273E00339817 /* Build configuration list for PBXNativeTarget "PatchworkUITests" */;
			buildPhases = (
				CEB449003031273E00339817 /* Sources */,
				CEB449013031273E00339817 /* Frameworks */,
				CEB449023031273E00339817 /* Resources */,
			);
			buildRules = (
			);
			dependencies = (
				CEB449063031273E00339817 /* PBXTargetDependency */,
			);
			fileSystemSynchronizedGroups = (
				CEB449073031273E00339817 /* PatchworkUITests */,
			);
			name = PatchworkUITests;
			packageProductDependencies = (
			);
			productName = PatchworkUITests;
			productReference = CEB449043031273E00339817 /* PatchworkUITests.xctest */;
			productType = "com.apple.product-type.bundle.ui-testing";
		};
/* End PBXNativeTarget section */

/* Begin PBXProject section */
		CEB448DC3031273D00339817 /* Project object */ = {
			isa = PBXProject;
			attributes = {
				BuildIndependentTargetsInParallel = 1;
				LastSwiftUpdateCheck = 1640;
				LastUpgradeCheck = 1640;
				TargetAttributes = {
					CEB448E33031273D00339817 = {
						CreatedOnToolsVersion = 16.4;
					};
					CEB448F93031273E00339817 = {
						CreatedOnToolsVersion = 16.4;
						TestTargetID = CEB448E33031273D00339817;
					};
					CEB449033031273E00339817 = {
						CreatedOnToolsVersion = 16.4;
						TestTargetID = CEB448E33031273D00339817;
					};
				};
			};
			buildConfigurationList = CEB448DF3031273D00339817 /* Build configuration list for PBXProject "Patchwork" */;
			developmentRegion = en;
			hasScannedForEncodings = 0;
			knownRegions = (
				en,
				Base,
			);
			mainGroup = CEB448DB3031273D00339817;
			minimizedProjectReferenceProxies = 1;
			preferredProjectObjectVersion = 77;
			productRefGroup = CEB448E53031273D00339817 /* Products */;
			projectDirPath = "";
			projectRoot = "";
			targets = (
				CEB448E33031273D00339817 /* Patchwork */,
				CEB448F93031273E00339817 /* PatchworkTests */,
				CEB449033031273E00339817 /* PatchworkUITests */,
			);
		};
/* End PBXProject section */

/* Begin PBXResourcesBuildPhase section */
		CEB448E23031273D00339817 /* Resources */ = {
			isa = PBXResourcesBuildPhase;
			buildActionMask = 2147483647;
			files = (
			);
			runOnlyForDeploymentPostprocessing = 0;
		};
		CEB448F83031273E00339817 /* Resources */ = {
			isa = PBXResourcesBuildPhase;
			buildActionMask = 2147483647;
			files = (
			);
			runOnlyForDeploymentPostprocessing = 0;
		};
		CEB449023031273E00339817 /* Resources */ = {
			isa = PBXResourcesBuildPhase;
			buildActionMask = 2147483647;
			files = (
			);
			runOnlyForDeploymentPostprocessing = 0;
		};
/* End PBXResourcesBuildPhase section */

/* Begin PBXShellScriptBuildPhase section */
		CEB4AA0130312800A0000001 /* Sync web app from repo root */ = {
			isa = PBXShellScriptBuildPhase;
			buildActionMask = 2147483647;
			files = (
			);
			inputPaths = (
				"$(SRCROOT)/../chord-synth.html",
				"$(SRCROOT)/../ios/midi-bridge.js",
			);
			name = "Sync web app from repo root";
			outputPaths = (
				"$(BUILT_PRODUCTS_DIR)/$(UNLOCALIZED_RESOURCES_FOLDER_PATH)/chord-synth.html",
				"$(BUILT_PRODUCTS_DIR)/$(UNLOCALIZED_RESOURCES_FOLDER_PATH)/midi-bridge.js",
			);
			runOnlyForDeploymentPostprocessing = 0;
			shellPath = /bin/sh;
			shellScript = "if [ -f \"$SRCROOT/../chord-synth.html\" ]; then\n  cp \"$SRCROOT/../chord-synth.html\" \"$BUILT_PRODUCTS_DIR/$UNLOCALIZED_RESOURCES_FOLDER_PATH/\"\nfi\nif [ -f \"$SRCROOT/../ios/midi-bridge.js\" ]; then\n  cp \"$SRCROOT/../ios/midi-bridge.js\" \"$BUILT_PRODUCTS_DIR/$UNLOCALIZED_RESOURCES_FOLDER_PATH/\"\nfi\n";
		};
/* End PBXShellScriptBuildPhase section */

/* Begin PBXSourcesBuildPhase section */
		CEB448E03031273D00339817 /* Sources */ = {
			isa = PBXSourcesBuildPhase;
			buildActionMask = 2147483647;
			files = (
			);
			runOnlyForDeploymentPostprocessing = 0;
		};
		CEB448F63031273E00339817 /* Sources */ = {
			isa = PBXSourcesBuildPhase;
			buildActionMask = 2147483647;
			files = (
			);
			runOnlyForDeploymentPostprocessing = 0;
		};
		CEB449003031273E00339817 /* Sources */ = {
			isa = PBXSourcesBuildPhase;
			buildActionMask = 2147483647;
			files = (
			);
			runOnlyForDeploymentPostprocessing = 0;
		};
/* End PBXSourcesBuildPhase section */

/* Begin PBXTargetDependency section */
		CEB448FC3031273E00339817 /* PBXTargetDependency */ = {
			isa = PBXTargetDependency;
			target = CEB448E33031273D00339817 /* Patchwork */;
			targetProxy = CEB448FB3031273E00339817 /* PBXContainerItemProxy */;
		};
		CEB449063031273E00339817 /* PBXTargetDependency */ = {
			isa = PBXTargetDependency;
			target = CEB448E33031273D00339817 /* Patchwork */;
			targetProxy = CEB449053031273E00339817 /* PBXContainerItemProxy */;
		};
/* End PBXTargetDependency section */

/* Begin XCBuildConfiguration section */
		CEB4490E3031273E00339817 /* Debug */ = {
			isa = XCBuildConfiguration;
			buildSettings = {
				ASSETCATALOG_COMPILER_APPICON_NAME = AppIcon;
				ASSETCATALOG_COMPILER_GLOBAL_ACCENT_COLOR_NAME = AccentColor;
				CODE_SIGN_STYLE = Automatic;
				CURRENT_PROJECT_VERSION = 1;
				DEVELOPMENT_TEAM = Z6TYLVW5CK;
				GENERATE_INFOPLIST_FILE = YES;
				INFOPLIST_FILE = Patchwork/Info.plist;
				INFOPLIST_KEY_UIApplicationSupportsIndirectInputEvents = YES;
				INFOPLIST_KEY_UILaunchStoryboardName = LaunchScreen;
				INFOPLIST_KEY_UISupportedInterfaceOrientations_iPad = "UIInterfaceOrientationPortrait UIInterfaceOrientationPortraitUpsideDown UIInterfaceOrientationLandscapeLeft UIInterfaceOrientationLandscapeRight";
				INFOPLIST_KEY_UISupportedInterfaceOrientations_iPhone = "UIInterfaceOrientationPortrait UIInterfaceOrientationLandscapeLeft UIInterfaceOrientationLandscapeRight";
				LD_RUNPATH_SEARCH_PATHS = (
					"$(inherited)",
					"@executable_path/Frameworks",
				);
				MARKETING_VERSION = 1.0;
				PRODUCT_BUNDLE_IDENTIFIER = chordsynth1.Patchwork;
				PRODUCT_NAME = "$(TARGET_NAME)";
				SWIFT_EMIT_LOC_STRINGS = YES;
				SWIFT_VERSION = 5.0;
				TARGETED_DEVICE_FAMILY = "1,2";
			};
			name = Debug;
		};
		CEB4490F3031273E00339817 /* Release */ = {
			isa = XCBuildConfiguration;
			buildSettings = {
				ASSETCATALOG_COMPILER_APPICON_NAME = AppIcon;
				ASSETCATALOG_COMPILER_GLOBAL_ACCENT_COLOR_NAME = AccentColor;
				CODE_SIGN_STYLE = Automatic;
				CURRENT_PROJECT_VERSION = 1;
				DEVELOPMENT_TEAM = Z6TYLVW5CK;
				GENERATE_INFOPLIST_FILE = YES;
				INFOPLIST_FILE = Patchwork/Info.plist;
				INFOPLIST_KEY_UIApplicationSupportsIndirectInputEvents = YES;
				INFOPLIST_KEY_UILaunchStoryboardName = LaunchScreen;
				INFOPLIST_KEY_UISupportedInterfaceOrientations_iPad = "UIInterfaceOrientationPortrait UIInterfaceOrientationPortraitUpsideDown UIInterfaceOrientationLandscapeLeft UIInterfaceOrientationLandscapeRight";
				INFOPLIST_KEY_UISupportedInterfaceOrientations_iPhone = "UIInterfaceOrientationPortrait UIInterfaceOrientationLandscapeLeft UIInterfaceOrientationLandscapeRight";
				LD_RUNPATH_SEARCH_PATHS = (
					"$(inherited)",
					"@executable_path/Frameworks",
				);
				MARKETING_VERSION = 1.0;
				PRODUCT_BUNDLE_IDENTIFIER = chordsynth1.Patchwork;
				PRODUCT_NAME = "$(TARGET_NAME)";
				SWIFT_EMIT_LOC_STRINGS = YES;
				SWIFT_VERSION = 5.0;
				TARGETED_DEVICE_FAMILY = "1,2";
			};
			name = Release;
		};
		CEB449103031273E00339817 /* Debug */ = {
			isa = XCBuildConfiguration;
			buildSettings = {
				ALWAYS_SEARCH_USER_PATHS = NO;
				ASSETCATALOG_COMPILER_GENERATE_SWIFT_ASSET_SYMBOL_EXTENSIONS = YES;
				CLANG_ANALYZER_NONNULL = YES;
				CLANG_ANALYZER_NUMBER_OBJECT_CONVERSION = YES_AGGRESSIVE;
				CLANG_CXX_LANGUAGE_STANDARD = "gnu++20";
				CLANG_ENABLE_MODULES = YES;
				CLANG_ENABLE_OBJC_ARC = YES;
				CLANG_ENABLE_OBJC_WEAK = YES;
				CLANG_WARN_BLOCK_CAPTURE_AUTORELEASING = YES;
				CLANG_WARN_BOOL_CONVERSION = YES;
				CLANG_WARN_COMMA = YES;
				CLANG_WARN_CONSTANT_CONVERSION = YES;
				CLANG_WARN_DEPRECATED_OBJC_IMPLEMENTATIONS = YES;
				CLANG_WARN_DIRECT_OBJC_ISA_USAGE = YES_ERROR;
				CLANG_WARN_DOCUMENTATION_COMMENTS = YES;
				CLANG_WARN_EMPTY_BODY = YES;
				CLANG_WARN_ENUM_CONVERSION = YES;
				CLANG_WARN_INFINITE_RECURSION = YES;
				CLANG_WARN_INT_CONVERSION = YES;
				CLANG_WARN_NON_LITERAL_NULL_CONVERSION = YES;
				CLANG_WARN_OBJC_IMPLICIT_RETAIN_SELF = YES;
				CLANG_WARN_OBJC_LITERAL_CONVERSION = YES;
				CLANG_WARN_OBJC_ROOT_CLASS = YES_ERROR;
				CLANG_WARN_QUOTED_INCLUDE_IN_FRAMEWORK_HEADER = YES;
				CLANG_WARN_RANGE_LOOP_ANALYSIS = YES;
				CLANG_WARN_STRICT_PROTOTYPES = YES;
				CLANG_WARN_SUSPICIOUS_MOVE = YES;
				CLANG_WARN_UNGUARDED_AVAILABILITY = YES_AGGRESSIVE;
				CLANG_WARN_UNREACHABLE_CODE = YES;
				CLANG_WARN__DUPLICATE_METHOD_MATCH = YES;
				COPY_PHASE_STRIP = NO;
				DEBUG_INFORMATION_FORMAT = dwarf;
				DEVELOPMENT_TEAM = Z6TYLVW5CK;
				ENABLE_STRICT_OBJC_MSGSEND = YES;
				ENABLE_TESTABILITY = YES;
				ENABLE_USER_SCRIPT_SANDBOXING = YES;
				GCC_C_LANGUAGE_STANDARD = gnu17;
				GCC_DYNAMIC_NO_PIC = NO;
				GCC_NO_COMMON_BLOCKS = YES;
				GCC_OPTIMIZATION_LEVEL = 0;
				GCC_PREPROCESSOR_DEFINITIONS = (
					"DEBUG=1",
					"$(inherited)",
				);
				GCC_WARN_64_TO_32_BIT_CONVERSION = YES;
				GCC_WARN_ABOUT_RETURN_TYPE = YES_ERROR;
				GCC_WARN_UNDECLARED_SELECTOR = YES;
				GCC_WARN_UNINITIALIZED_AUTOS = YES_AGGRESSIVE;
				GCC_WARN_UNUSED_FUNCTION = YES;
				GCC_WARN_UNUSED_VARIABLE = YES;
				IPHONEOS_DEPLOYMENT_TARGET = 18.5;
				LOCALIZATION_PREFERS_STRING_CATALOGS = YES;
				MTL_ENABLE_DEBUG_INFO = INCLUDE_SOURCE;
				MTL_FAST_MATH = YES;
				ONLY_ACTIVE_ARCH = YES;
				SDKROOT = iphoneos;
				SWIFT_ACTIVE_COMPILATION_CONDITIONS = "DEBUG $(inherited)";
				SWIFT_OPTIMIZATION_LEVEL = "-Onone";
			};
			name = Debug;
		};
		CEB449113031273E00339817 /* Release */ = {
			isa = XCBuildConfiguration;
			buildSettings = {
				ALWAYS_SEARCH_USER_PATHS = NO;
				ASSETCATALOG_COMPILER_GENERATE_SWIFT_ASSET_SYMBOL_EXTENSIONS = YES;
				CLANG_ANALYZER_NONNULL = YES;
				CLANG_ANALYZER_NUMBER_OBJECT_CONVERSION = YES_AGGRESSIVE;
				CLANG_CXX_LANGUAGE_STANDARD = "gnu++20";
				CLANG_ENABLE_MODULES = YES;
				CLANG_ENABLE_OBJC_ARC = YES;
				CLANG_ENABLE_OBJC_WEAK = YES;
				CLANG_WARN_BLOCK_CAPTURE_AUTORELEASING = YES;
				CLANG_WARN_BOOL_CONVERSION = YES;
				CLANG_WARN_COMMA = YES;
				CLANG_WARN_CONSTANT_CONVERSION = YES;
				CLANG_WARN_DEPRECATED_OBJC_IMPLEMENTATIONS = YES;
				CLANG_WARN_DIRECT_OBJC_ISA_USAGE = YES_ERROR;
				CLANG_WARN_DOCUMENTATION_COMMENTS = YES;
				CLANG_WARN_EMPTY_BODY = YES;
				CLANG_WARN_ENUM_CONVERSION = YES;
				CLANG_WARN_INFINITE_RECURSION = YES;
				CLANG_WARN_INT_CONVERSION = YES;
				CLANG_WARN_NON_LITERAL_NULL_CONVERSION = YES;
				CLANG_WARN_OBJC_IMPLICIT_RETAIN_SELF = YES;
				CLANG_WARN_OBJC_LITERAL_CONVERSION = YES;
				CLANG_WARN_OBJC_ROOT_CLASS = YES_ERROR;
				CLANG_WARN_QUOTED_INCLUDE_IN_FRAMEWORK_HEADER = YES;
				CLANG_WARN_RANGE_LOOP_ANALYSIS = YES;
				CLANG_WARN_STRICT_PROTOTYPES = YES;
				CLANG_WARN_SUSPICIOUS_MOVE = YES;
				CLANG_WARN_UNGUARDED_AVAILABILITY = YES_AGGRESSIVE;
				CLANG_WARN_UNREACHABLE_CODE = YES;
				CLANG_WARN__DUPLICATE_METHOD_MATCH = YES;
				COPY_PHASE_STRIP = NO;
				DEBUG_INFORMATION_FORMAT = "dwarf-with-dsym";
				DEVELOPMENT_TEAM = Z6TYLVW5CK;
				ENABLE_NS_ASSERTIONS = NO;
				ENABLE_STRICT_OBJC_MSGSEND = YES;
				ENABLE_USER_SCRIPT_SANDBOXING = YES;
				GCC_C_LANGUAGE_STANDARD = gnu17;
				GCC_NO_COMMON_BLOCKS = YES;
				GCC_WARN_64_TO_32_BIT_CONVERSION = YES;
				GCC_WARN_ABOUT_RETURN_TYPE = YES_ERROR;
				GCC_WARN_UNDECLARED_SELECTOR = YES;
				GCC_WARN_UNINITIALIZED_AUTOS = YES_AGGRESSIVE;
				GCC_WARN_UNUSED_FUNCTION = YES;
				GCC_WARN_UNUSED_VARIABLE = YES;
				IPHONEOS_DEPLOYMENT_TARGET = 18.5;
				LOCALIZATION_PREFERS_STRING_CATALOGS = YES;
				MTL_ENABLE_DEBUG_INFO = NO;
				MTL_FAST_MATH = YES;
				SDKROOT = iphoneos;
				SWIFT_COMPILATION_MODE = wholemodule;
				VALIDATE_PRODUCT = YES;
			};
			name = Release;
		};
		CEB449133031273E00339817 /* Debug */ = {
			isa = XCBuildConfiguration;
			buildSettings = {
				BUNDLE_LOADER = "$(TEST_HOST)";
				CODE_SIGN_STYLE = Automatic;
				CURRENT_PROJECT_VERSION = 1;
				DEVELOPMENT_TEAM = Z6TYLVW5CK;
				GENERATE_INFOPLIST_FILE = YES;
				IPHONEOS_DEPLOYMENT_TARGET = 18.5;
				MARKETING_VERSION = 1.0;
				PRODUCT_BUNDLE_IDENTIFIER = chordsynth1.PatchworkTests;
				PRODUCT_NAME = "$(TARGET_NAME)";
				SWIFT_EMIT_LOC_STRINGS = NO;
				SWIFT_VERSION = 5.0;
				TARGETED_DEVICE_FAMILY = "1,2";
				TEST_HOST = "$(BUILT_PRODUCTS_DIR)/Patchwork.app/$(BUNDLE_EXECUTABLE_FOLDER_PATH)/Patchwork";
			};
			name = Debug;
		};
		CEB449143031273E00339817 /* Release */ = {
			isa = XCBuildConfiguration;
			buildSettings = {
				BUNDLE_LOADER = "$(TEST_HOST)";
				CODE_SIGN_STYLE = Automatic;
				CURRENT_PROJECT_VERSION = 1;
				DEVELOPMENT_TEAM = Z6TYLVW5CK;
				GENERATE_INFOPLIST_FILE = YES;
				IPHONEOS_DEPLOYMENT_TARGET = 18.5;
				MARKETING_VERSION = 1.0;
				PRODUCT_BUNDLE_IDENTIFIER = chordsynth1.PatchworkTests;
				PRODUCT_NAME = "$(TARGET_NAME)";
				SWIFT_EMIT_LOC_STRINGS = NO;
				SWIFT_VERSION = 5.0;
				TARGETED_DEVICE_FAMILY = "1,2";
				TEST_HOST = "$(BUILT_PRODUCTS_DIR)/Patchwork.app/$(BUNDLE_EXECUTABLE_FOLDER_PATH)/Patchwork";
			};
			name = Release;
		};
		CEB449163031273E00339817 /* Debug */ = {
			isa = XCBuildConfiguration;
			buildSettings = {
				CODE_SIGN_STYLE = Automatic;
				CURRENT_PROJECT_VERSION = 1;
				DEVELOPMENT_TEAM = Z6TYLVW5CK;
				GENERATE_INFOPLIST_FILE = YES;
				MARKETING_VERSION = 1.0;
				PRODUCT_BUNDLE_IDENTIFIER = chordsynth1.PatchworkUITests;
				PRODUCT_NAME = "$(TARGET_NAME)";
				SWIFT_EMIT_LOC_STRINGS = NO;
				SWIFT_VERSION = 5.0;
				TARGETED_DEVICE_FAMILY = "1,2";
				TEST_TARGET_NAME = Patchwork;
			};
			name = Debug;
		};
		CEB449173031273E00339817 /* Release */ = {
			isa = XCBuildConfiguration;
			buildSettings = {
				CODE_SIGN_STYLE = Automatic;
				CURRENT_PROJECT_VERSION = 1;
				DEVELOPMENT_TEAM = Z6TYLVW5CK;
				GENERATE_INFOPLIST_FILE = YES;
				MARKETING_VERSION = 1.0;
				PRODUCT_BUNDLE_IDENTIFIER = chordsynth1.PatchworkUITests;
				PRODUCT_NAME = "$(TARGET_NAME)";
				SWIFT_EMIT_LOC_STRINGS = NO;
				SWIFT_VERSION = 5.0;
				TARGETED_DEVICE_FAMILY = "1,2";
				TEST_TARGET_NAME = Patchwork;
			};
			name = Release;
		};
/* End XCBuildConfiguration section */

/* Begin XCConfigurationList section */
		CEB448DF3031273D00339817 /* Build configuration list for PBXProject "Patchwork" */ = {
			isa = XCConfigurationList;
			buildConfigurations = (
				CEB449103031273E00339817 /* Debug */,
				CEB449113031273E00339817 /* Release */,
			);
			defaultConfigurationIsVisible = 0;
			defaultConfigurationName = Release;
		};
		CEB4490D3031273E00339817 /* Build configuration list for PBXNativeTarget "Patchwork" */ = {
			isa = XCConfigurationList;
			buildConfigurations = (
				CEB4490E3031273E00339817 /* Debug */,
				CEB4490F3031273E00339817 /* Release */,
			);
			defaultConfigurationIsVisible = 0;
			defaultConfigurationName = Release;
		};
		CEB449123031273E00339817 /* Build configuration list for PBXNativeTarget "PatchworkTests" */ = {
			isa = XCConfigurationList;
			buildConfigurations = (
				CEB449133031273E00339817 /* Debug */,
				CEB449143031273E00339817 /* Release */,
			);
			defaultConfigurationIsVisible = 0;
			defaultConfigurationName = Release;
		};
		CEB449153031273E00339817 /* Build configuration list for PBXNativeTarget "PatchworkUITests" */ = {
			isa = XCConfigurationList;
			buildConfigurations = (
				CEB449163031273E00339817 /* Debug */,
				CEB449173031273E00339817 /* Release */,
			);
			defaultConfigurationIsVisible = 0;
			defaultConfigurationName = Release;
		};
/* End XCConfigurationList section */
	};
	rootObject = CEB448DC3031273D00339817 /* Project object */;
}
